
Microsoft Visual Studio Solution File, Format Version 12.00
# Visual Studio Version 16
VisualStudioVersion = 16.0.34601.136
MinimumVisualStudioVersion = 10.0.40219.1
Project("{FAE04EC0-301F-11D3-BF4B-00C04F79EFBC}") = "AngebotenUndRechnungenApp", "AngebotenUndRechnungenApp\AngebotenUndRechnungenApp.csproj", "{D9F5D8F0-0AD0-4AB7-9349-67FC0B832193}"
EndProject
Project("{FAE04EC0-301F-11D3-BF4B-00C04F79EFBC}") = "Connection", "Connection\Connection.csproj", "{BFEC7759-BD53-41F0-959F-3D65364169F5}"
EndProject
Global
	GlobalSection(SolutionConfigurationPlatforms) = preSolution
		Debug|Any CPU = Debug|Any CPU
		Release|Any CPU = Release|Any CPU
	EndGlobalSection
	GlobalSection(ProjectConfigurationPlatforms) = postSolution
		{D9F5D8F0-0AD0-4AB7-9349-67FC0B832193}.Debug|Any CPU.ActiveCfg = Debug|Any CPU
		{D9F5D8F0-0AD0-4AB7-9349-67FC0B832193}.Debug|Any CPU.Build.0 = Debug|Any CPU
		{D9F5D8F0-0AD0-4AB7-9349-67FC0B832193}.Release|Any CPU.ActiveCfg = Release|Any CPU
		{D9F5D8F0-0AD0-4AB7-9349-67FC0B832193}.Release|Any CPU.Build.0 = Release|Any CPU
		{BFEC7759-BD53-41F0-959F-3D65364169F5}.Debug|Any CPU.ActiveCfg = Debug|Any CPU
		{BFEC7759-BD53-41F0-959F-3D65364169F5}.Debug|Any CPU.Build.0 = Debug|Any CPU
		{BFEC7759-BD53-41F0-959F-3D65364169F5}.Release|Any CPU.ActiveCfg = Release|Any CPU
		{BFEC7759-BD53-41F0-959F-3D65364169F5}.Release|Any CPU.Build.0 = Release|Any CPU
	EndGlobalSection
	GlobalSection(SolutionProperties) = preSolution
		HideSolutionNode = FALSE
	EndGlobalSection
	GlobalSection(ExtensibilityGlobals) = postSolution
		SolutionGuid = {18B1D382-F183-413C-905A-7C739A04D290}
	EndGlobalSection
EndGlobal
